#MicroXplorer Configuration settings - do not modify
Mcu.Family=STM32F4
ProjectManager.MainLocation=Core/Src
RCC.CortexFreq_Value=16000000
ProjectManager.KeepUserCode=true
Mcu.UserName=STM32F411CCUx
ADC1.ContinuousConvMode=ENABLE
ADC1.SamplingTime-6\#ChannelRegularConversion=ADC_SAMPLETIME_3CYCLES
RCC.PLLCLKFreq_Value=96000000
RCC.PLLQCLKFreq_Value=48000000
PA12.GPIOParameters=GPIO_Label
ProjectManager.functionlistsort=1-MX_GPIO_Init-GPIO-false-HAL-true,2-SystemClock_Config-RCC-false-HAL-false,3-MX_ADC1_Init-ADC1-false-HAL-true,4-MX_I2C1_Init-I2C1-false-HAL-true,5-MX_TIM2_Init-TIM2-false-HAL-true,6-MX_TIM3_Init-TIM3-false-HAL-true
PA9.GPIOParameters=GPIO_Label
PA11.GPIOParameters=GPIO_Label
RCC.RTCFreq_Value=32000
PA3.GPIOParameters=GPIO_Label
PA6.GPIO_Label=SEGG
PB0.GPIO_Label=MQ135
PA2.GPIOParameters=GPIO_Label
PinOutPanel.RotationAngle=0
ProjectManager.StackSize=0x400
Mcu.IP4=SYS
Mcu.IP5=TIM2
Mcu.IP2=NVIC
NVIC.SVCall_IRQn=true\:0\:0\:false\:false\:true\:false\:false
Mcu.IP3=RCC
Mcu.IP0=ADC1
PA12.Locked=true
Mcu.IP1=I2C1
PA12.Signal=GPIO_Output
Mcu.UserConstants=
Mcu.ThirdPartyNb=0
Mcu.IPNb=7
RCC.I2SClocksFreq_Value=96000000
TIM2.IPParameters=Prescaler,Period
ProjectManager.PreviousToolchain=
TIM3.Period=62999
PB6.Signal=I2C1_SCL
RCC.VcooutputI2S=96000000
PB6.Mode=I2C
PA8.GPIOParameters=GPIO_Label
Mcu.Pin6=PA6
VP_TIM2_VS_ClockSourceINT.Signal=TIM2_VS_ClockSourceINT
Mcu.Pin7=PA7
Mcu.Pin8=PB0
Mcu.Pin9=PB1
RCC.AHBFreq_Value=16000000
Mcu.Pin0=PA0-WKUP
Mcu.Pin1=PA1
GPIO.groupedBy=Group By Peripherals
Mcu.Pin2=PA2
Mcu.Pin3=PA3
Mcu.Pin4=PA4
PA0-WKUP.GPIOParameters=GPIO_Label
Mcu.Pin5=PA5
ProjectManager.ProjectBuild=false
RCC.HSE_VALUE=25000000
NVIC.UsageFault_IRQn=true\:0\:0\:false\:false\:true\:false\:false
NVIC.DebugMonitor_IRQn=true\:0\:0\:false\:false\:true\:false\:false
PA8.Locked=true
PA4.Locked=true
NVIC.SysTick_IRQn=true\:0\:0\:false\:false\:true\:false\:true
ProjectManager.FirmwarePackage=STM32Cube FW_F4 V1.26.2
MxDb.Version=DB.6.0.21
ADC1.Channel-6\#ChannelRegularConversion=ADC_CHANNEL_8
PB0.GPIOParameters=GPIO_Label
PA1.GPIOParameters=GPIO_Label
ProjectManager.BackupPrevious=false
RCC.VCOInputFreq_Value=1000000
PA14.Mode=Serial_Wire
TIM3.Prescaler=62999
PB1.GPIO_Label=DHT11
NVIC.TIM2_IRQn=true\:0\:0\:false\:false\:true\:true\:true
File.Version=6
PA10.GPIO_Label=LED3
SH.ADCx_IN8.0=ADC1_IN8,IN8
PB7.Signal=I2C1_SDA
PA8.Signal=GPIO_Output
NVIC.PendSV_IRQn=true\:0\:0\:false\:false\:true\:false\:false
ProjectManager.HalAssertFull=false
ProjectManager.ProjectName=STM32F4-DHT11-MQ135-LCD
Mcu.Package=UFQFPN48
TIM2.Prescaler=15999
PA6.Signal=GPIO_Output
PB1.Signal=GPIO_Input
PA7.Locked=true
PA5.Locked=true
ProjectManager.ToolChainLocation=
PA2.GPIO_Label=SEGC
RCC.LSI_VALUE=32000
VP_SYS_VS_Systick.Signal=SYS_VS_Systick
PA10.Signal=GPIO_Output
PA5.GPIOParameters=GPIO_Label
RCC.APB1TimFreq_Value=16000000
NVIC.BusFault_IRQn=true\:0\:0\:false\:false\:true\:false\:false
ADC1.Rank-6\#ChannelRegularConversion=1
PA4.GPIO_Label=SEGE
ProjectManager.CustomerFirmwarePackage=
VP_TIM3_VS_ClockSourceINT.Mode=Internal
PA3.Signal=GPIO_Output
PA2.Locked=true
PA6.GPIOParameters=GPIO_Label
ProjectManager.ProjectFileName=STM32F4-DHT11-MQ135-LCD.ioc
Mcu.PinsNb=22
ProjectManager.NoMain=false
ADC1.IPParameters=Rank-6\#ChannelRegularConversion,master,Channel-6\#ChannelRegularConversion,SamplingTime-6\#ChannelRegularConversion,NbrOfConversionFlag,ContinuousConvMode
PA9.GPIO_Label=LED2
PA11.GPIO_Label=LED4
ProjectManager.DefaultFWLocation=true
ProjectManager.DeletePrevious=true
PA12.GPIO_Label=LED_GAS
RCC.FamilyName=M
PA0-WKUP.GPIO_Label=SEGA
PA0-WKUP.Signal=GPIO_Output
PA0-WKUP.Locked=true
PA13.Signal=SYS_JTMS-SWDIO
PA11.Locked=true
PA8.GPIO_Label=LED1
ProjectManager.TargetToolchain=STM32CubeIDE
PA9.Signal=GPIO_Output
RCC.VCOInputMFreq_Value=1000000
ProjectManager.RegisterCallBack=
VP_TIM3_VS_ClockSourceINT.Signal=TIM3_VS_ClockSourceINT
RCC.LSE_VALUE=32768
PA1.Signal=GPIO_Output
PB1.Locked=true
RCC.VCOI2SOutputFreq_Value=192000000
PA5.Signal=GPIO_Output
board=custom
RCC.VCOOutputFreq_Value=192000000
ProjectManager.LastFirmware=true
NVIC.TIM3_IRQn=true\:0\:0\:false\:false\:true\:true\:true
RCC.APB2Freq_Value=16000000
MxCube.Version=6.2.1
VP_TIM2_VS_ClockSourceINT.Mode=Internal
PA1.GPIO_Label=SEGB
PA10.GPIOParameters=GPIO_Label
VP_SYS_VS_Systick.Mode=SysTick
TIM3.IPParameters=Prescaler,Period
PA9.Locked=true
NVIC.NonMaskableInt_IRQn=true\:0\:0\:false\:false\:true\:false\:false
PA4.GPIOParameters=GPIO_Label
TIM2.Period=999999999
SH.ADCx_IN8.ConfNb=1
PA13.Mode=Serial_Wire
ProjectManager.FreePins=false
RCC.IPParameters=AHBFreq_Value,APB1Freq_Value,APB1TimFreq_Value,APB2Freq_Value,CortexFreq_Value,FamilyName,HSE_VALUE,HSI_VALUE,I2SClocksFreq_Value,LSE_VALUE,LSI_VALUE,PLLCLKFreq_Value,PLLQCLKFreq_Value,RTCFreq_Value,RTCHSEDivFreq_Value,SYSCLKFreq_VALUE,VCOI2SOutputFreq_Value,VCOInputFreq_Value,VCOInputMFreq_Value,VCOOutputFreq_Value,VcooutputI2S
ProjectManager.AskForMigrate=true
Mcu.Name=STM32F411C(C-E)Ux
RCC.RTCHSEDivFreq_Value=12500000
PA2.Signal=GPIO_Output
ProjectManager.UnderRoot=true
Mcu.IP6=TIM3
ProjectManager.CoupleFile=false
PA4.Signal=GPIO_Output
RCC.SYSCLKFreq_VALUE=16000000
PA1.Locked=true
PA7.GPIO_Label=SEG_DOT
Mcu.Pin20=VP_TIM2_VS_ClockSourceINT
ADC1.master=1
PA3.Locked=true
Mcu.Pin21=VP_TIM3_VS_ClockSourceINT
PA5.GPIO_Label=SEGF
PA10.Locked=true
NVIC.ForceEnableDMAVector=true
KeepUserPlacement=false
NVIC.MemoryManagement_IRQn=true\:0\:0\:false\:false\:true\:false\:false
ProjectManager.CompilerOptimize=6
PB7.Mode=I2C
PA11.Signal=GPIO_Output
PA14.Signal=SYS_JTCK-SWCLK
ProjectManager.HeapSize=0x200
Mcu.Pin15=PA13
NVIC.HardFault_IRQn=true\:0\:0\:false\:false\:true\:false\:false
Mcu.Pin16=PA14
Mcu.Pin13=PA11
Mcu.Pin14=PA12
Mcu.Pin19=VP_SYS_VS_Systick
ProjectManager.ComputerToolchain=false
Mcu.Pin17=PB6
RCC.HSI_VALUE=16000000
Mcu.Pin18=PB7
NVIC.PriorityGroup=NVIC_PRIORITYGROUP_4
ADC1.NbrOfConversionFlag=1
Mcu.Pin11=PA9
Mcu.Pin12=PA10
Mcu.Pin10=PA8
RCC.APB1Freq_Value=16000000
PB0.Signal=ADCx_IN8
PA7.GPIOParameters=GPIO_Label
ProjectManager.DeviceId=STM32F411CCUx
ProjectManager.LibraryCopy=1
PA3.GPIO_Label=SEGD
PB1.GPIOParameters=GPIO_Label
PA7.Signal=GPIO_Output
PA6.Locked=true
isbadioc=false
